
Microsoft Visual Studio Solution File, Format Version 12.00
# Visual Studio Version 17
VisualStudioVersion = 17.13.35919.96 d17.13
MinimumVisualStudioVersion = 10.0.40219.1
Project("{FAE04EC0-301F-11D3-BF4B-00C04F79EFBC}") = "Tiny House Rezervasyon ve Yönetim Sistemi", "Tiny House Rezervasyon ve Yönetim Sistemi.csproj", "{F36CFCE3-C424-4BFB-8EF6-BB0B834FB192}"
EndProject
Global
	GlobalSection(SolutionConfigurationPlatforms) = preSolution
		Debug|Any CPU = Debug|Any CPU
		Release|Any CPU = Release|Any CPU
	EndGlobalSection
	GlobalSection(ProjectConfigurationPlatforms) = postSolution
		{F36CFCE3-C424-4BFB-8EF6-BB0B834FB192}.Debug|Any CPU.ActiveCfg = Debug|Any CPU
		{F36CFCE3-C424-4BFB-8EF6-BB0B834FB192}.Debug|Any CPU.Build.0 = Debug|Any CPU
		{F36CFCE3-C424-4BFB-8EF6-BB0B834FB192}.Release|Any CPU.ActiveCfg = Release|Any CPU
		{F36CFCE3-C424-4BFB-8EF6-BB0B834FB192}.Release|Any CPU.Build.0 = Release|Any CPU
	EndGlobalSection
	GlobalSection(SolutionProperties) = preSolution
		HideSolutionNode = FALSE
	EndGlobalSection
	GlobalSection(ExtensibilityGlobals) = postSolution
		SolutionGuid = {B1B4F02D-841C-4ACC-B95E-6D17AA21E436}
	EndGlobalSection
EndGlobal
